
Microsoft Visual Studio Solution File, Format Version 12.00
# Visual Studio 2013
VisualStudioVersion = 12.0.31101.0
MinimumVisualStudioVersion = 10.0.40219.1
Project("{FAE04EC0-301F-11D3-BF4B-00C04F79EFBC}") = "ConsoleRunner", "ConsoleRunner\ConsoleRunner.csproj", "{47999853-3600-4307-9BA2-660CCB505AF1}"
EndProject
Project("{FAE04EC0-301F-11D3-BF4B-00C04F79EFBC}") = "ExifProcessLib", "ExifProcessLib\ExifProcessLib.csproj", "{A30BDE97-16AA-486B-A874-0637306E15CA}"
EndProject
Global
	GlobalSection(SolutionConfigurationPlatforms) = preSolution
		Debug|Any CPU = Debug|Any CPU
		Release|Any CPU = Release|Any CPU
	EndGlobalSection
	GlobalSection(ProjectConfigurationPlatforms) = postSolution
		{47999853-3600-4307-9BA2-660CCB505AF1}.Debug|Any CPU.ActiveCfg = Debug|Any CPU
		{47999853-3600-4307-9BA2-660CCB505AF1}.Debug|Any CPU.Build.0 = Debug|Any CPU
		{47999853-3600-4307-9BA2-660CCB505AF1}.Release|Any CPU.ActiveCfg = Release|Any CPU
		{47999853-3600-4307-9BA2-660CCB505AF1}.Release|Any CPU.Build.0 = Release|Any CPU
		{A30BDE97-16AA-486B-A874-0637306E15CA}.Debug|Any CPU.ActiveCfg = Debug|Any CPU
		{A30BDE97-16AA-486B-A874-0637306E15CA}.Debug|Any CPU.Build.0 = Debug|Any CPU
		{A30BDE97-16AA-486B-A874-0637306E15CA}.Release|Any CPU.ActiveCfg = Release|Any CPU
		{A30BDE97-16AA-486B-A874-0637306E15CA}.Release|Any CPU.Build.0 = Release|Any CPU
	EndGlobalSection
	GlobalSection(SolutionProperties) = preSolution
		HideSolutionNode = FALSE
	EndGlobalSection
EndGlobal
